
Microsoft Visual Studio Solution File, Format Version 12.00
# Visual Studio Version 17
VisualStudioVersion = 17.3.32929.385
MinimumVisualStudioVersion = 10.0.40219.1
Project("{FAE04EC0-301F-11D3-BF4B-00C04F79EFBC}") = "Advanced Duct Cleaning API", "Advanced Duct Cleaning API\Advanced Duct Cleaning API.csproj", "{437DDED0-C8A6-4E04-ABD4-B0C37E88726F}"
EndProject
Global
	GlobalSection(SolutionConfigurationPlatforms) = preSolution
		Debug|Any CPU = Debug|Any CPU
		Release|Any CPU = Release|Any CPU
	EndGlobalSection
	GlobalSection(ProjectConfigurationPlatforms) = postSolution
		{437DDED0-C8A6-4E04-ABD4-B0C37E88726F}.Debug|Any CPU.ActiveCfg = Debug|Any CPU
		{437DDED0-C8A6-4E04-ABD4-B0C37E88726F}.Debug|Any CPU.Build.0 = Debug|Any CPU
		{437DDED0-C8A6-4E04-ABD4-B0C37E88726F}.Release|Any CPU.ActiveCfg = Release|Any CPU
		{437DDED0-C8A6-4E04-ABD4-B0C37E88726F}.Release|Any CPU.Build.0 = Release|Any CPU
	EndGlobalSection
	GlobalSection(SolutionProperties) = preSolution
		HideSolutionNode = FALSE
	EndGlobalSection
	GlobalSection(ExtensibilityGlobals) = postSolution
		SolutionGuid = {58ADCE21-B712-46C0-AC95-5C975DC834C3}
	EndGlobalSection
EndGlobal
